
Microsoft Visual Studio Solution File, Format Version 12.00
# Visual Studio Version 16
VisualStudioVersion = 16.0.33927.289
MinimumVisualStudioVersion = 10.0.40219.1
Project("{FAE04EC0-301F-11D3-BF4B-00C04F79EFBC}") = "02_C21TH2_TranQuangNhat", "02_C21TH2_TranQuangNhat\02_C21TH2_TranQuangNhat.csproj", "{9F8A09B8-6F4E-406B-8689-4C1F20496B5A}"
EndProject
Global
	GlobalSection(SolutionConfigurationPlatforms) = preSolution
		Debug|Any CPU = Debug|Any CPU
		Release|Any CPU = Release|Any CPU
	EndGlobalSection
	GlobalSection(ProjectConfigurationPlatforms) = postSolution
		{9F8A09B8-6F4E-406B-8689-4C1F20496B5A}.Debug|Any CPU.ActiveCfg = Debug|Any CPU
		{9F8A09B8-6F4E-406B-8689-4C1F20496B5A}.Debug|Any CPU.Build.0 = Debug|Any CPU
		{9F8A09B8-6F4E-406B-8689-4C1F20496B5A}.Release|Any CPU.ActiveCfg = Release|Any CPU
		{9F8A09B8-6F4E-406B-8689-4C1F20496B5A}.Release|Any CPU.Build.0 = Release|Any CPU
	EndGlobalSection
	GlobalSection(SolutionProperties) = preSolution
		HideSolutionNode = FALSE
	EndGlobalSection
	GlobalSection(ExtensibilityGlobals) = postSolution
		SolutionGuid = {181C201C-812D-481E-849F-845B5C06892E}
	EndGlobalSection
EndGlobal
